
Microsoft Visual Studio Solution File, Format Version 12.00
# Visual Studio Version 16
VisualStudioVersion = 16.0.29920.165
MinimumVisualStudioVersion = 10.0.40219.1
Project("{FAE04EC0-301F-11D3-BF4B-00C04F79EFBC}") = "InfoTrackSEOApp", "InfoTrackSEOApp.csproj", "{A993D79C-0700-47D5-A544-DC060F07BC19}"
EndProject
Global
	GlobalSection(SolutionConfigurationPlatforms) = preSolution
		Debug|Any CPU = Debug|Any CPU
		Release|Any CPU = Release|Any CPU
	EndGlobalSection
	GlobalSection(ProjectConfigurationPlatforms) = postSolution
		{A993D79C-0700-47D5-A544-DC060F07BC19}.Debug|Any CPU.ActiveCfg = Debug|Any CPU
		{A993D79C-0700-47D5-A544-DC060F07BC19}.Debug|Any CPU.Build.0 = Debug|Any CPU
		{A993D79C-0700-47D5-A544-DC060F07BC19}.Release|Any CPU.ActiveCfg = Release|Any CPU
		{A993D79C-0700-47D5-A544-DC060F07BC19}.Release|Any CPU.Build.0 = Release|Any CPU
	EndGlobalSection
	GlobalSection(SolutionProperties) = preSolution
		HideSolutionNode = FALSE
	EndGlobalSection
	GlobalSection(ExtensibilityGlobals) = postSolution
		SolutionGuid = {FBDACEC7-0312-4BF4-9B06-C8A45B56F6F8}
	EndGlobalSection
EndGlobal
